Microsoft Visual Studio Solution File, Format Version 12.00
# Visual Studio 2012
Project("{FAE04EC0-301F-11D3-BF4B-00C04F79EFBC}") = "ganan-client", "ganan-client.csproj", "{FE344F9F-5AB3-4EFC-9CD2-2B7DFDD8D86A}"
EndProject
Global
	GlobalSection(SolutionConfigurationPlatforms) = preSolution
	Debug|Any CPU = Debug|Any CPU
	ExportDebug|Any CPU = ExportDebug|Any CPU
	ExportRelease|Any CPU = ExportRelease|Any CPU
	EndGlobalSection
	GlobalSection(ProjectConfigurationPlatforms) = postSolution
		{FE344F9F-5AB3-4EFC-9CD2-2B7DFDD8D86A}.Debug|Any CPU.ActiveCfg = Debug|Any CPU
		{FE344F9F-5AB3-4EFC-9CD2-2B7DFDD8D86A}.Debug|Any CPU.Build.0 = Debug|Any CPU
		{FE344F9F-5AB3-4EFC-9CD2-2B7DFDD8D86A}.ExportDebug|Any CPU.ActiveCfg = ExportDebug|Any CPU
		{FE344F9F-5AB3-4EFC-9CD2-2B7DFDD8D86A}.ExportDebug|Any CPU.Build.0 = ExportDebug|Any CPU
		{FE344F9F-5AB3-4EFC-9CD2-2B7DFDD8D86A}.ExportRelease|Any CPU.ActiveCfg = ExportRelease|Any CPU
		{FE344F9F-5AB3-4EFC-9CD2-2B7DFDD8D86A}.ExportRelease|Any CPU.Build.0 = ExportRelease|Any CPU
	EndGlobalSection
EndGlobal
